// !$*UTF8*$!
{
	archiveVersion = 1;
	classes = {
	};
	objectVersion = 56;
	objects = {

/* Begin PBXBuildFile section */
		504D8FB22AD8555A0060D6C1 /* logo.png in Resources */ = {isa = PBXBuildFile; fileRef = 504D8FB12AD8555A0060D6C1 /* logo.png */; };
		504D8FB42AD861AE0060D6C1 /* GoogleService-Info.plist in Resources */ = {isa = PBXBuildFile; fileRef = 504D8FB32AD861AE0060D6C1 /* GoogleService-Info.plist */; };
		504D8FB72AD862840060D6C1 /* FirebaseAnalytics in Frameworks */ = {isa = PBXBuildFile; productRef = 504D8FB62AD862840060D6C1 /* FirebaseAnalytics */; };
		504D8FB92AD862840060D6C1 /* FirebaseAnalyticsOnDeviceConversion in Frameworks */ = {isa = PBXBuildFile; productRef = 504D8FB82AD862840060D6C1 /* FirebaseAnalyticsOnDeviceConversion */; };
		504D8FBB2AD862840060D6C1 /* FirebaseAnalyticsSwift in Frameworks */ = {isa = PBXBuildFile; productRef = 504D8FBA2AD862840060D6C1 /* FirebaseAnalyticsSwift */; };
		504D8FBD2AD862840060D6C1 /* FirebaseAnalyticsWithoutAdIdSupport in Frameworks */ = {isa = PBXBuildFile; productRef = 504D8FBC2AD862840060D6C1 /* FirebaseAnalyticsWithoutAdIdSupport */; };
		504D8FBF2AD862840060D6C1 /* FirebaseAppCheck in Frameworks */ = {isa = PBXBuildFile; productRef = 504D8FBE2AD862840060D6C1 /* FirebaseAppCheck */; };
		504D8FC12AD862840060D6C1 /* FirebaseAppDistribution-Beta in Frameworks */ = {isa = PBXBuildFile; productRef = 504D8FC02AD862840060D6C1 /* FirebaseAppDistribution-Beta */; };
		504D8FC32AD862840060D6C1 /* FirebaseAuth in Frameworks */ = {isa = PBXBuildFile; productRef = 504D8FC22AD862840060D6C1 /* FirebaseAuth */; };
		504D8FC52AD862840060D6C1 /* FirebaseAuthCombine-Community in Frameworks */ = {isa = PBXBuildFile; productRef = 504D8FC42AD862840060D6C1 /* FirebaseAuthCombine-Community */; };
		504D8FC72AD862840060D6C1 /* FirebaseCrashlytics in Frameworks */ = {isa = PBXBuildFile; productRef = 504D8FC62AD862840060D6C1 /* FirebaseCrashlytics */; };
		504D8FC92AD862840060D6C1 /* FirebaseDatabase in Frameworks */ = {isa = PBXBuildFile; productRef = 504D8FC82AD862840060D6C1 /* FirebaseDatabase */; };
		504D8FCB2AD862840060D6C1 /* FirebaseDatabaseSwift in Frameworks */ = {isa = PBXBuildFile; productRef = 504D8FCA2AD862840060D6C1 /* FirebaseDatabaseSwift */; };
		504D8FCD2AD862840060D6C1 /* FirebaseDynamicLinks in Frameworks */ = {isa = PBXBuildFile; productRef = 504D8FCC2AD862840060D6C1 /* FirebaseDynamicLinks */; };
		504D8FCF2AD862840060D6C1 /* FirebaseFirestore in Frameworks */ = {isa = PBXBuildFile; productRef = 504D8FCE2AD862840060D6C1 /* FirebaseFirestore */; };
		504D8FD12AD862840060D6C1 /* FirebaseFirestoreCombine-Community in Frameworks */ = {isa = PBXBuildFile; productRef = 504D8FD02AD862840060D6C1 /* FirebaseFirestoreCombine-Community */; };
		504D8FD32AD862840060D6C1 /* FirebaseFirestoreSwift in Frameworks */ = {isa = PBXBuildFile; productRef = 504D8FD22AD862840060D6C1 /* FirebaseFirestoreSwift */; };
		504D8FD52AD862840060D6C1 /* FirebaseFunctions in Frameworks */ = {isa = PBXBuildFile; productRef = 504D8FD42AD862840060D6C1 /* FirebaseFunctions */; };
		504D8FD72AD862840060D6C1 /* FirebaseFunctionsCombine-Community in Frameworks */ = {isa = PBXBuildFile; productRef = 504D8FD62AD862840060D6C1 /* FirebaseFunctionsCombine-Community */; };
		504D8FD92AD862840060D6C1 /* FirebaseInAppMessaging-Beta in Frameworks */ = {isa = PBXBuildFile; productRef = 504D8FD82AD862840060D6C1 /* FirebaseInAppMessaging-Beta */; };
		504D8FDB2AD862840060D6C1 /* FirebaseInAppMessagingSwift-Beta in Frameworks */ = {isa = PBXBuildFile; productRef = 504D8FDA2AD862840060D6C1 /* FirebaseInAppMessagingSwift-Beta */; };
		504D8FDD2AD862840060D6C1 /* FirebaseInstallations in Frameworks */ = {isa = PBXBuildFile; productRef = 504D8FDC2AD862840060D6C1 /* FirebaseInstallations */; };
		504D8FDF2AD862840060D6C1 /* FirebaseMLModelDownloader in Frameworks */ = {isa = PBXBuildFile; productRef = 504D8FDE2AD862840060D6C1 /* FirebaseMLModelDownloader */; };
		504D8FE12AD862840060D6C1 /* FirebaseMessaging in Frameworks */ = {isa = PBXBuildFile; productRef = 504D8FE02AD862840060D6C1 /* FirebaseMessaging */; };
		504D8FE32AD862840060D6C1 /* FirebasePerformance in Frameworks */ = {isa = PBXBuildFile; productRef = 504D8FE22AD862840060D6C1 /* FirebasePerformance */; };
		504D8FE52AD862840060D6C1 /* FirebaseRemoteConfig in Frameworks */ = {isa = PBXBuildFile; productRef = 504D8FE42AD862840060D6C1 /* FirebaseRemoteConfig */; };
		504D8FE72AD862840060D6C1 /* FirebaseRemoteConfigSwift in Frameworks */ = {isa = PBXBuildFile; productRef = 504D8FE62AD862840060D6C1 /* FirebaseRemoteConfigSwift */; };
		504D8FE92AD862840060D6C1 /* FirebaseStorage in Frameworks */ = {isa = PBXBuildFile; productRef = 504D8FE82AD862840060D6C1 /* FirebaseStorage */; };
		504D8FEB2AD862840060D6C1 /* FirebaseStorageCombine-Community in Frameworks */ = {isa = PBXBuildFile; productRef = 504D8FEA2AD862840060D6C1 /* FirebaseStorageCombine-Community */; };
		504D8FEF2AD863F70060D6C1 /* LogInViewController.swift in Sources */ = {isa = PBXBuildFile; fileRef = 504D8FEE2AD863F70060D6C1 /* LogInViewController.swift */; };
		504D8FF12AD8640B0060D6C1 /* SignUpViewController.swift in Sources */ = {isa = PBXBuildFile; fileRef = 504D8FF02AD8640B0060D6C1 /* SignUpViewController.swift */; };
		57F2648D2ADDADF300441F97 /* MainMenuVC.swift in Sources */ = {isa = PBXBuildFile; fileRef = 57F2648C2ADDADF300441F97 /* MainMenuVC.swift */; };
		57FC0D6A2ADC38CC00A960C4 /* FiraSans-SemiBold.ttf in Resources */ = {isa = PBXBuildFile; fileRef = 57FC0D692ADC38CC00A960C4 /* FiraSans-SemiBold.ttf */; };
		982F5C2A2AD762660082EDAF /* tower.jpeg in Resources */ = {isa = PBXBuildFile; fileRef = 982F5C292AD762660082EDAF /* tower.jpeg */; };
		988764562AD8853600025A06 /* ImageAndLocation.swift in Sources */ = {isa = PBXBuildFile; fileRef = 988764552AD8853600025A06 /* ImageAndLocation.swift */; };
		988764582AD88E4500025A06 /* PostRoundViewController.swift in Sources */ = {isa = PBXBuildFile; fileRef = 988764572AD88E4500025A06 /* PostRoundViewController.swift */; };
		9887645A2AD8904F00025A06 /* PostGameViewController.swift in Sources */ = {isa = PBXBuildFile; fileRef = 988764592AD8904F00025A06 /* PostGameViewController.swift */; };
		9887645D2AD89D9100025A06 /* DataModel.xcdatamodeld in Sources */ = {isa = PBXBuildFile; fileRef = 9887645B2AD89D9100025A06 /* DataModel.xcdatamodeld */; };
		98BE8C6B2AD74BB800878939 /* FiraSans-Regular.ttf in Resources */ = {isa = PBXBuildFile; fileRef = 98BE8C592AD74BB600878939 /* FiraSans-Regular.ttf */; };
		98BE8C6C2AD74BB800878939 /* FiraSans-Light.ttf in Resources */ = {isa = PBXBuildFile; fileRef = 98BE8C5A2AD74BB600878939 /* FiraSans-Light.ttf */; };
		98BE8C6D2AD74BB800878939 /* FiraSans-ExtraBold.ttf in Resources */ = {isa = PBXBuildFile; fileRef = 98BE8C5B2AD74BB600878939 /* FiraSans-ExtraBold.ttf */; };
		98BE8C6E2AD74BB800878939 /* FiraSans-Italic.ttf in Resources */ = {isa = PBXBuildFile; fileRef = 98BE8C5C2AD74BB600878939 /* FiraSans-Italic.ttf */; };
		98BE8C6F2AD74BB800878939 /* FiraSans-Black.ttf in Resources */ = {isa = PBXBuildFile; fileRef = 98BE8C5D2AD74BB600878939 /* FiraSans-Black.ttf */; };
		98BE8C702AD74BB800878939 /* FiraSans-ThinItalic.ttf in Resources */ = {isa = PBXBuildFile; fileRef = 98BE8C5E2AD74BB600878939 /* FiraSans-ThinItalic.ttf */; };
		98BE8C722AD74BB800878939 /* FiraSans-ExtraLight.ttf in Resources */ = {isa = PBXBuildFile; fileRef = 98BE8C602AD74BB700878939 /* FiraSans-ExtraLight.ttf */; };
		98BE8C732AD74BB800878939 /* FiraSans-MediumItalic.ttf in Resources */ = {isa = PBXBuildFile; fileRef = 98BE8C612AD74BB700878939 /* FiraSans-MediumItalic.ttf */; };
		98BE8C742AD74BB800878939 /* FiraSans-SemiBoldItalic.ttf in Resources */ = {isa = PBXBuildFile; fileRef = 98BE8C622AD74BB700878939 /* FiraSans-SemiBoldItalic.ttf */; };
		98BE8C752AD74BB800878939 /* FiraSans-ExtraLightItalic.ttf in Resources */ = {isa = PBXBuildFile; fileRef = 98BE8C632AD74BB700878939 /* FiraSans-ExtraLightItalic.ttf */; };
		98BE8C762AD74BB800878939 /* FiraSans-Bold.ttf in Resources */ = {isa = PBXBuildFile; fileRef = 98BE8C642AD74BB700878939 /* FiraSans-Bold.ttf */; };
		98BE8C772AD74BB800878939 /* FiraSans-BlackItalic.ttf in Resources */ = {isa = PBXBuildFile; fileRef = 98BE8C652AD74BB700878939 /* FiraSans-BlackItalic.ttf */; };
		98BE8C782AD74BB800878939 /* FiraSans-LightItalic.ttf in Resources */ = {isa = PBXBuildFile; fileRef = 98BE8C662AD74BB700878939 /* FiraSans-LightItalic.ttf */; };
		98BE8C792AD74BB800878939 /* FiraSans-ExtraBoldItalic.ttf in Resources */ = {isa = PBXBuildFile; fileRef = 98BE8C672AD74BB700878939 /* FiraSans-ExtraBoldItalic.ttf */; };
		98BE8C7A2AD74BB800878939 /* FiraSans-Medium.ttf in Resources */ = {isa = PBXBuildFile; fileRef = 98BE8C682AD74BB700878939 /* FiraSans-Medium.ttf */; };
		98BE8C7B2AD74BB800878939 /* FiraSans-Thin.ttf in Resources */ = {isa = PBXBuildFile; fileRef = 98BE8C692AD74BB700878939 /* FiraSans-Thin.ttf */; };
		98BE8C7C2AD74BB800878939 /* FiraSans-BoldItalic.ttf in Resources */ = {isa = PBXBuildFile; fileRef = 98BE8C6A2AD74BB800878939 /* FiraSans-BoldItalic.ttf */; };
		98BE8C7E2AD74EAD00878939 /* Game.swift in Sources */ = {isa = PBXBuildFile; fileRef = 98BE8C7D2AD74EAD00878939 /* Game.swift */; };
		FACD567F2ACF6E23004E36E6 /* AppDelegate.swift in Sources */ = {isa = PBXBuildFile; fileRef = FACD567E2ACF6E23004E36E6 /* AppDelegate.swift */; };
		FACD56812ACF6E23004E36E6 /* SceneDelegate.swift in Sources */ = {isa = PBXBuildFile; fileRef = FACD56802ACF6E23004E36E6 /* SceneDelegate.swift */; };
		FACD56832ACF6E23004E36E6 /* ViewController.swift in Sources */ = {isa = PBXBuildFile; fileRef = FACD56822ACF6E23004E36E6 /* ViewController.swift */; };
		FACD56862ACF6E23004E36E6 /* Main.storyboard in Resources */ = {isa = PBXBuildFile; fileRef = FACD56842ACF6E23004E36E6 /* Main.storyboard */; };
		FACD56882ACF6E25004E36E6 /* Assets.xcassets in Resources */ = {isa = PBXBuildFile; fileRef = FACD56872ACF6E25004E36E6 /* Assets.xcassets */; };
		FACD568B2ACF6E25004E36E6 /* LaunchScreen.storyboard in Resources */ = {isa = PBXBuildFile; fileRef = FACD56892ACF6E25004E36E6 /* LaunchScreen.storyboard */; };
		FACD56932ACF700C004E36E6 /* CountdownViewController.swift in Sources */ = {isa = PBXBuildFile; fileRef = FACD56922ACF700C004E36E6 /* CountdownViewController.swift */; };
		FACD56962ACF7400004E36E6 /* GameViewController.swift in Sources */ = {isa = PBXBuildFile; fileRef = FACD56952ACF7400004E36E6 /* GameViewController.swift */; };
/* End PBXBuildFile section */

/* Begin PBXFileReference section */
		504D8FB12AD8555A0060D6C1 /* logo.png */ = {isa = PBXFileReference; lastKnownFileType = image.png; path = logo.png; sourceTree = "<group>"; };
		504D8FB32AD861AE0060D6C1 /* GoogleService-Info.plist */ = {isa = PBXFileReference; fileEncoding = 4; lastKnownFileType = text.plist.xml; path = "GoogleService-Info.plist"; sourceTree = "<group>"; };
		504D8FEC2AD863440060D6C1 /* UTGuessr.entitlements */ = {isa = PBXFileReference; lastKnownFileType = text.plist.entitlements; path = UTGuessr.entitlements; sourceTree = "<group>"; };
		504D8FEE2AD863F70060D6C1 /* LogInViewController.swift */ = {isa = PBXFileReference; lastKnownFileType = sourcecode.swift; path = LogInViewController.swift; sourceTree = "<group>"; };
		504D8FF02AD8640B0060D6C1 /* SignUpViewController.swift */ = {isa = PBXFileReference; lastKnownFileType = sourcecode.swift; path = SignUpViewController.swift; sourceTree = "<group>"; };
		57F2648C2ADDADF300441F97 /* MainMenuVC.swift */ = {isa = PBXFileReference; lastKnownFileType = sourcecode.swift; path = MainMenuVC.swift; sourceTree = "<group>"; };
		57FC0D692ADC38CC00A960C4 /* FiraSans-SemiBold.ttf */ = {isa = PBXFileReference; lastKnownFileType = file; path = "FiraSans-SemiBold.ttf"; sourceTree = "<group>"; };
		982F5C292AD762660082EDAF /* tower.jpeg */ = {isa = PBXFileReference; lastKnownFileType = image.jpeg; path = tower.jpeg; sourceTree = "<group>"; };
		988764552AD8853600025A06 /* ImageAndLocation.swift */ = {isa = PBXFileReference; lastKnownFileType = sourcecode.swift; path = ImageAndLocation.swift; sourceTree = "<group>"; };
		988764572AD88E4500025A06 /* PostRoundViewController.swift */ = {isa = PBXFileReference; lastKnownFileType = sourcecode.swift; path = PostRoundViewController.swift; sourceTree = "<group>"; };
		988764592AD8904F00025A06 /* PostGameViewController.swift */ = {isa = PBXFileReference; lastKnownFileType = sourcecode.swift; path = PostGameViewController.swift; sourceTree = "<group>"; };
		9887645C2AD89D9100025A06 /* DataModel.xcdatamodel */ = {isa = PBXFileReference; lastKnownFileType = wrapper.xcdatamodel; path = DataModel.xcdatamodel; sourceTree = "<group>"; };
		98BE8C592AD74BB600878939 /* FiraSans-Regular.ttf */ = {isa = PBXFileReference; lastKnownFileType = file; path = "FiraSans-Regular.ttf"; sourceTree = "<group>"; };
		98BE8C5A2AD74BB600878939 /* FiraSans-Light.ttf */ = {isa = PBXFileReference; lastKnownFileType = file; path = "FiraSans-Light.ttf"; sourceTree = "<group>"; };
		98BE8C5B2AD74BB600878939 /* FiraSans-ExtraBold.ttf */ = {isa = PBXFileReference; lastKnownFileType = file; path = "FiraSans-ExtraBold.ttf"; sourceTree = "<group>"; };
		98BE8C5C2AD74BB600878939 /* FiraSans-Italic.ttf */ = {isa = PBXFileReference; lastKnownFileType = file; path = "FiraSans-Italic.ttf"; sourceTree = "<group>"; };
		98BE8C5D2AD74BB600878939 /* FiraSans-Black.ttf */ = {isa = PBXFileReference; lastKnownFileType = file; path = "FiraSans-Black.ttf"; sourceTree = "<group>"; };
		98BE8C5E2AD74BB600878939 /* FiraSans-ThinItalic.ttf */ = {isa = PBXFileReference; lastKnownFileType = file; path = "FiraSans-ThinItalic.ttf"; sourceTree = "<group>"; };
		98BE8C602AD74BB700878939 /* FiraSans-ExtraLight.ttf */ = {isa = PBXFileReference; lastKnownFileType = file; path = "FiraSans-ExtraLight.ttf"; sourceTree = "<group>"; };
		98BE8C612AD74BB700878939 /* FiraSans-MediumItalic.ttf */ = {isa = PBXFileReference; lastKnownFileType = file; path = "FiraSans-MediumItalic.ttf"; sourceTree = "<group>"; };
		98BE8C622AD74BB700878939 /* FiraSans-SemiBoldItalic.ttf */ = {isa = PBXFileReference; lastKnownFileType = file; path = "FiraSans-SemiBoldItalic.ttf"; sourceTree = "<group>"; };
		98BE8C632AD74BB700878939 /* FiraSans-ExtraLightItalic.ttf */ = {isa = PBXFileReference; lastKnownFileType = file; path = "FiraSans-ExtraLightItalic.ttf"; sourceTree = "<group>"; };
		98BE8C642AD74BB700878939 /* FiraSans-Bold.ttf */ = {isa = PBXFileReference; lastKnownFileType = file; path = "FiraSans-Bold.ttf"; sourceTree = "<group>"; };
		98BE8C652AD74BB700878939 /* FiraSans-BlackItalic.ttf */ = {isa = PBXFileReference; lastKnownFileType = file; path = "FiraSans-BlackItalic.ttf"; sourceTree = "<group>"; };
		98BE8C662AD74BB700878939 /* FiraSans-LightItalic.ttf */ = {isa = PBXFileReference; lastKnownFileType = file; path = "FiraSans-LightItalic.ttf"; sourceTree = "<group>"; };
		98BE8C672AD74BB700878939 /* FiraSans-ExtraBoldItalic.ttf */ = {isa = PBXFileReference; lastKnownFileType = file; path = "FiraSans-ExtraBoldItalic.ttf"; sourceTree = "<group>"; };
		98BE8C682AD74BB700878939 /* FiraSans-Medium.ttf */ = {isa = PBXFileReference; lastKnownFileType = file; path = "FiraSans-Medium.ttf"; sourceTree = "<group>"; };
		98BE8C692AD74BB700878939 /* FiraSans-Thin.ttf */ = {isa = PBXFileReference; lastKnownFileType = file; path = "FiraSans-Thin.ttf"; sourceTree = "<group>"; };
		98BE8C6A2AD74BB800878939 /* FiraSans-BoldItalic.ttf */ = {isa = PBXFileReference; lastKnownFileType = file; path = "FiraSans-BoldItalic.ttf"; sourceTree = "<group>"; };
		98BE8C7D2AD74EAD00878939 /* Game.swift */ = {isa = PBXFileReference; lastKnownFileType = sourcecode.swift; path = Game.swift; sourceTree = "<group>"; };
		FACD567B2ACF6E23004E36E6 /* UTGuessr.app */ = {isa = PBXFileReference; explicitFileType = wrapper.application; includeInIndex = 0; path = UTGuessr.app; sourceTree = BUILT_PRODUCTS_DIR; };
		FACD567E2ACF6E23004E36E6 /* AppDelegate.swift */ = {isa = PBXFileReference; lastKnownFileType = sourcecode.swift; path = AppDelegate.swift; sourceTree = "<group>"; };
		FACD56802ACF6E23004E36E6 /* SceneDelegate.swift */ = {isa = PBXFileReference; lastKnownFileType = sourcecode.swift; path = SceneDelegate.swift; sourceTree = "<group>"; };
		FACD56822ACF6E23004E36E6 /* ViewController.swift */ = {isa = PBXFileReference; lastKnownFileType = sourcecode.swift; path = ViewController.swift; sourceTree = "<group>"; };
		FACD56852ACF6E23004E36E6 /* Base */ = {isa = PBXFileReference; lastKnownFileType = file.storyboard; name = Base; path = Base.lproj/Main.storyboard; sourceTree = "<group>"; };
		FACD56872ACF6E25004E36E6 /* Assets.xcassets */ = {isa = PBXFileReference; lastKnownFileType = folder.assetcatalog; path = Assets.xcassets; sourceTree = "<group>"; };
		FACD568A2ACF6E25004E36E6 /* Base */ = {isa = PBXFileReference; lastKnownFileType = file.storyboard; name = Base; path = Base.lproj/LaunchScreen.storyboard; sourceTree = "<group>"; };
		FACD568C2ACF6E25004E36E6 /* Info.plist */ = {isa = PBXFileReference; lastKnownFileType = text.plist.xml; path = Info.plist; sourceTree = "<group>"; };
		FACD56922ACF700C004E36E6 /* CountdownViewController.swift */ = {isa = PBXFileReference; lastKnownFileType = sourcecode.swift; path = CountdownViewController.swift; sourceTree = "<group>"; };
		FACD56952ACF7400004E36E6 /* GameViewController.swift */ = {isa = PBXFileReference; lastKnownFileType = sourcecode.swift; path = GameViewController.swift; sourceTree = "<group>"; };
/* End PBXFileReference section */

/* Begin PBXFrameworksBuildPhase section */
		FACD56782ACF6E23004E36E6 /* Frameworks */ = {
			isa = PBXFrameworksBuildPhase;
			buildActionMask = 2147483647;
			files = (
				504D8FC92AD862840060D6C1 /* FirebaseDatabase in Frameworks */,
				504D8FD72AD862840060D6C1 /* FirebaseFunctionsCombine-Community in Frameworks */,
				504D8FCF2AD862840060D6C1 /* FirebaseFirestore in Frameworks */,
				504D8FBB2AD862840060D6C1 /* FirebaseAnalyticsSwift in Frameworks */,
				504D8FB72AD862840060D6C1 /* FirebaseAnalytics in Frameworks */,
				504D8FB92AD862840060D6C1 /* FirebaseAnalyticsOnDeviceConversion in Frameworks */,
				504D8FDF2AD862840060D6C1 /* FirebaseMLModelDownloader in Frameworks */,
				504D8FD32AD862840060D6C1 /* FirebaseFirestoreSwift in Frameworks */,
				504D8FBF2AD862840060D6C1 /* FirebaseAppCheck in Frameworks */,
				504D8FBD2AD862840060D6C1 /* FirebaseAnalyticsWithoutAdIdSupport in Frameworks */,
				504D8FC32AD862840060D6C1 /* FirebaseAuth in Frameworks */,
				504D8FC72AD862840060D6C1 /* FirebaseCrashlytics in Frameworks */,
				504D8FE72AD862840060D6C1 /* FirebaseRemoteConfigSwift in Frameworks */,
				504D8FD92AD862840060D6C1 /* FirebaseInAppMessaging-Beta in Frameworks */,
				504D8FCB2AD862840060D6C1 /* FirebaseDatabaseSwift in Frameworks */,
				504D8FD52AD862840060D6C1 /* FirebaseFunctions in Frameworks */,
				504D8FEB2AD862840060D6C1 /* FirebaseStorageCombine-Community in Frameworks */,
				504D8FE52AD862840060D6C1 /* FirebaseRemoteConfig in Frameworks */,
				504D8FC12AD862840060D6C1 /* FirebaseAppDistribution-Beta in Frameworks */,
				504D8FC52AD862840060D6C1 /* FirebaseAuthCombine-Community in Frameworks */,
				504D8FE32AD862840060D6C1 /* FirebasePerformance in Frameworks */,
				504D8FDB2AD862840060D6C1 /* FirebaseInAppMessagingSwift-Beta in Frameworks */,
				504D8FE92AD862840060D6C1 /* FirebaseStorage in Frameworks */,
				504D8FCD2AD862840060D6C1 /* FirebaseDynamicLinks in Frameworks */,
				504D8FD12AD862840060D6C1 /* FirebaseFirestoreCombine-Community in Frameworks */,
				504D8FE12AD862840060D6C1 /* FirebaseMessaging in Frameworks */,
				504D8FDD2AD862840060D6C1 /* FirebaseInstallations in Frameworks */,
			);
			runOnlyForDeploymentPostprocessing = 0;
		};
/* End PBXFrameworksBuildPhase section */

/* Begin PBXGroup section */
		504D8FED2AD863C30060D6C1 /* Authentication */ = {
			isa = PBXGroup;
			children = (
				504D8FEE2AD863F70060D6C1 /* LogInViewController.swift */,
				504D8FF02AD8640B0060D6C1 /* SignUpViewController.swift */,
			);
			path = Authentication;
			sourceTree = "<group>";
		};
		98BE8C582AD74B8E00878939 /* Fonts */ = {
			isa = PBXGroup;
			children = (
				98BE8C5D2AD74BB600878939 /* FiraSans-Black.ttf */,
				98BE8C652AD74BB700878939 /* FiraSans-BlackItalic.ttf */,
				98BE8C642AD74BB700878939 /* FiraSans-Bold.ttf */,
				98BE8C6A2AD74BB800878939 /* FiraSans-BoldItalic.ttf */,
				98BE8C5B2AD74BB600878939 /* FiraSans-ExtraBold.ttf */,
				98BE8C672AD74BB700878939 /* FiraSans-ExtraBoldItalic.ttf */,
				98BE8C602AD74BB700878939 /* FiraSans-ExtraLight.ttf */,
				98BE8C632AD74BB700878939 /* FiraSans-ExtraLightItalic.ttf */,
				98BE8C5C2AD74BB600878939 /* FiraSans-Italic.ttf */,
				98BE8C5A2AD74BB600878939 /* FiraSans-Light.ttf */,
				98BE8C662AD74BB700878939 /* FiraSans-LightItalic.ttf */,
				98BE8C682AD74BB700878939 /* FiraSans-Medium.ttf */,
				98BE8C612AD74BB700878939 /* FiraSans-MediumItalic.ttf */,
				98BE8C592AD74BB600878939 /* FiraSans-Regular.ttf */,
				98BE8C622AD74BB700878939 /* FiraSans-SemiBoldItalic.ttf */,
				57FC0D692ADC38CC00A960C4 /* FiraSans-SemiBold.ttf */,
				98BE8C692AD74BB700878939 /* FiraSans-Thin.ttf */,
				98BE8C5E2AD74BB600878939 /* FiraSans-ThinItalic.ttf */,
			);
			path = Fonts;
			sourceTree = "<group>";
		};
		FACD56722ACF6E23004E36E6 = {
			isa = PBXGroup;
			children = (
				FACD567D2ACF6E23004E36E6 /* UTGuessr */,
				FACD567C2ACF6E23004E36E6 /* Products */,
			);
			sourceTree = "<group>";
		};
		FACD567C2ACF6E23004E36E6 /* Products */ = {
			isa = PBXGroup;
			children = (
				FACD567B2ACF6E23004E36E6 /* UTGuessr.app */,
			);
			name = Products;
			sourceTree = "<group>";
		};
		FACD567D2ACF6E23004E36E6 /* UTGuessr */ = {
			isa = PBXGroup;
			children = (
				504D8FEC2AD863440060D6C1 /* UTGuessr.entitlements */,
				98BE8C582AD74B8E00878939 /* Fonts */,
				FACD567E2ACF6E23004E36E6 /* AppDelegate.swift */,
				FACD56802ACF6E23004E36E6 /* SceneDelegate.swift */,
				FACD56822ACF6E23004E36E6 /* ViewController.swift */,
				504D8FED2AD863C30060D6C1 /* Authentication */,
				FACD56942ACF702A004E36E6 /* Gameplay */,
				FACD56842ACF6E23004E36E6 /* Main.storyboard */,
				57F2648C2ADDADF300441F97 /* MainMenuVC.swift */,
				9887645B2AD89D9100025A06 /* DataModel.xcdatamodeld */,
				FACD56892ACF6E25004E36E6 /* LaunchScreen.storyboard */,
				FACD56872ACF6E25004E36E6 /* Assets.xcassets */,
				FACD568C2ACF6E25004E36E6 /* Info.plist */,
				982F5C292AD762660082EDAF /* tower.jpeg */,
				504D8FB12AD8555A0060D6C1 /* logo.png */,
				504D8FB32AD861AE0060D6C1 /* GoogleService-Info.plist */,
			);
			path = UTGuessr;
			sourceTree = "<group>";
		};
		FACD56942ACF702A004E36E6 /* Gameplay */ = {
			isa = PBXGroup;
			children = (
				FACD56952ACF7400004E36E6 /* GameViewController.swift */,
				FACD56922ACF700C004E36E6 /* CountdownViewController.swift */,
				98BE8C7D2AD74EAD00878939 /* Game.swift */,
				988764552AD8853600025A06 /* ImageAndLocation.swift */,
				988764572AD88E4500025A06 /* PostRoundViewController.swift */,
				988764592AD8904F00025A06 /* PostGameViewController.swift */,
			);
			path = Gameplay;
			sourceTree = "<group>";
		};
/* End PBXGroup section */

/* Begin PBXNativeTarget section */
		FACD567A2ACF6E23004E36E6 /* UTGuessr */ = {
			isa = PBXNativeTarget;
			buildConfigurationList = FACD568F2ACF6E25004E36E6 /* Build configuration list for PBXNativeTarget "UTGuessr" */;
			buildPhases = (
				FACD56772ACF6E23004E36E6 /* Sources */,
				FACD56782ACF6E23004E36E6 /* Frameworks */,
				FACD56792ACF6E23004E36E6 /* Resources */,
			);
			buildRules = (
			);
			dependencies = (
			);
			name = UTGuessr;
			packageProductDependencies = (
				504D8FB62AD862840060D6C1 /* FirebaseAnalytics */,
				504D8FB82AD862840060D6C1 /* FirebaseAnalyticsOnDeviceConversion */,
				504D8FBA2AD862840060D6C1 /* FirebaseAnalyticsSwift */,
				504D8FBC2AD862840060D6C1 /* FirebaseAnalyticsWithoutAdIdSupport */,
				504D8FBE2AD862840060D6C1 /* FirebaseAppCheck */,
				504D8FC02AD862840060D6C1 /* FirebaseAppDistribution-Beta */,
				504D8FC22AD862840060D6C1 /* FirebaseAuth */,
				504D8FC42AD862840060D6C1 /* FirebaseAuthCombine-Community */,
				504D8FC62AD862840060D6C1 /* FirebaseCrashlytics */,
				504D8FC82AD862840060D6C1 /* FirebaseDatabase */,
				504D8FCA2AD862840060D6C1 /* FirebaseDatabaseSwift */,
				504D8FCC2AD862840060D6C1 /* FirebaseDynamicLinks */,
				504D8FCE2AD862840060D6C1 /* FirebaseFirestore */,
				504D8FD02AD862840060D6C1 /* FirebaseFirestoreCombine-Community */,
				504D8FD22AD862840060D6C1 /* FirebaseFirestoreSwift */,
				504D8FD42AD862840060D6C1 /* FirebaseFunctions */,
				504D8FD62AD862840060D6C1 /* FirebaseFunctionsCombine-Community */,
				504D8FD82AD862840060D6C1 /* FirebaseInAppMessaging-Beta */,
				504D8FDA2AD862840060D6C1 /* FirebaseInAppMessagingSwift-Beta */,
				504D8FDC2AD862840060D6C1 /* FirebaseInstallations */,
				504D8FDE2AD862840060D6C1 /* FirebaseMLModelDownloader */,
				504D8FE02AD862840060D6C1 /* FirebaseMessaging */,
				504D8FE22AD862840060D6C1 /* FirebasePerformance */,
				504D8FE42AD862840060D6C1 /* FirebaseRemoteConfig */,
				504D8FE62AD862840060D6C1 /* FirebaseRemoteConfigSwift */,
				504D8FE82AD862840060D6C1 /* FirebaseStorage */,
				504D8FEA2AD862840060D6C1 /* FirebaseStorageCombine-Community */,
			);
			productName = UTGuessr;
			productReference = FACD567B2ACF6E23004E36E6 /* UTGuessr.app */;
			productType = "com.apple.product-type.application";
		};
/* End PBXNativeTarget section */

/* Begin PBXProject section */
		FACD56732ACF6E23004E36E6 /* Project object */ = {
			isa = PBXProject;
			attributes = {
				BuildIndependentTargetsInParallel = 1;
				LastSwiftUpdateCheck = 1500;
				LastUpgradeCheck = 1500;
				TargetAttributes = {
					FACD567A2ACF6E23004E36E6 = {
						CreatedOnToolsVersion = 15.0;
					};
				};
			};
			buildConfigurationList = FACD56762ACF6E23004E36E6 /* Build configuration list for PBXProject "UTGuessr" */;
			compatibilityVersion = "Xcode 14.0";
			developmentRegion = en;
			hasScannedForEncodings = 0;
			knownRegions = (
				en,
				Base,
			);
			mainGroup = FACD56722ACF6E23004E36E6;
			packageReferences = (
				504D8FB52AD862840060D6C1 /* XCRemoteSwiftPackageReference "firebase-ios-sdk" */,
			);
			productRefGroup = FACD567C2ACF6E23004E36E6 /* Products */;
			projectDirPath = "";
			projectRoot = "";
			targets = (
				FACD567A2ACF6E23004E36E6 /* UTGuessr */,
			);
		};
/* End PBXProject section */

/* Begin PBXResourcesBuildPhase section */
		FACD56792ACF6E23004E36E6 /* Resources */ = {
			isa = PBXResourcesBuildPhase;
			buildActionMask = 2147483647;
			files = (
				FACD568B2ACF6E25004E36E6 /* LaunchScreen.storyboard in Resources */,
				504D8FB22AD8555A0060D6C1 /* logo.png in Resources */,
				98BE8C7C2AD74BB800878939 /* FiraSans-BoldItalic.ttf in Resources */,
				FACD56882ACF6E25004E36E6 /* Assets.xcassets in Resources */,
				98BE8C6B2AD74BB800878939 /* FiraSans-Regular.ttf in Resources */,
				98BE8C6D2AD74BB800878939 /* FiraSans-ExtraBold.ttf in Resources */,
				98BE8C732AD74BB800878939 /* FiraSans-MediumItalic.ttf in Resources */,
				98BE8C6E2AD74BB800878939 /* FiraSans-Italic.ttf in Resources */,
				98BE8C6C2AD74BB800878939 /* FiraSans-Light.ttf in Resources */,
				98BE8C7A2AD74BB800878939 /* FiraSans-Medium.ttf in Resources */,
				98BE8C7B2AD74BB800878939 /* FiraSans-Thin.ttf in Resources */,
				98BE8C752AD74BB800878939 /* FiraSans-ExtraLightItalic.ttf in Resources */,
				FACD56862ACF6E23004E36E6 /* Main.storyboard in Resources */,
				98BE8C762AD74BB800878939 /* FiraSans-Bold.ttf in Resources */,
				98BE8C6F2AD74BB800878939 /* FiraSans-Black.ttf in Resources */,
				98BE8C792AD74BB800878939 /* FiraSans-ExtraBoldItalic.ttf in Resources */,
				98BE8C772AD74BB800878939 /* FiraSans-BlackItalic.ttf in Resources */,
				504D8FB42AD861AE0060D6C1 /* GoogleService-Info.plist in Resources */,
				98BE8C722AD74BB800878939 /* FiraSans-ExtraLight.ttf in Resources */,
				98BE8C782AD74BB800878939 /* FiraSans-LightItalic.ttf in Resources */,
				57FC0D6A2ADC38CC00A960C4 /* FiraSans-SemiBold.ttf in Resources */,
				982F5C2A2AD762660082EDAF /* tower.jpeg in Resources */,
				98BE8C742AD74BB800878939 /* FiraSans-SemiBoldItalic.ttf in Resources */,
				98BE8C702AD74BB800878939 /* FiraSans-ThinItalic.ttf in Resources */,
			);
			runOnlyForDeploymentPostprocessing = 0;
		};
/* End PBXResourcesBuildPhase section */

/* Begin PBXSourcesBuildPhase section */
		FACD56772ACF6E23004E36E6 /* Sources */ = {
			isa = PBXSourcesBuildPhase;
			buildActionMask = 2147483647;
			files = (
				57F2648D2ADDADF300441F97 /* MainMenuVC.swift in Sources */,
				FACD56962ACF7400004E36E6 /* GameViewController.swift in Sources */,
				98BE8C7E2AD74EAD00878939 /* Game.swift in Sources */,
				504D8FF12AD8640B0060D6C1 /* SignUpViewController.swift in Sources */,
				FACD56932ACF700C004E36E6 /* CountdownViewController.swift in Sources */,
				988764562AD8853600025A06 /* ImageAndLocation.swift in Sources */,
				988764582AD88E4500025A06 /* PostRoundViewController.swift in Sources */,
				504D8FEF2AD863F70060D6C1 /* LogInViewController.swift in Sources */,
				FACD56832ACF6E23004E36E6 /* ViewController.swift in Sources */,
				FACD567F2ACF6E23004E36E6 /* AppDelegate.swift in Sources */,
				9887645D2AD89D9100025A06 /* DataModel.xcdatamodeld in Sources */,
				FACD56812ACF6E23004E36E6 /* SceneDelegate.swift in Sources */,
				9887645A2AD8904F00025A06 /* PostGameViewController.swift in Sources */,
			);
			runOnlyForDeploymentPostprocessing = 0;
		};
/* End PBXSourcesBuildPhase section */

/* Begin PBXVariantGroup section */
		FACD56842ACF6E23004E36E6 /* Main.storyboard */ = {
			isa = PBXVariantGroup;
			children = (
				FACD56852ACF6E23004E36E6 /* Base */,
			);
			name = Main.storyboard;
			sourceTree = "<group>";
		};
		FACD56892ACF6E25004E36E6 /* LaunchScreen.storyboard */ = {
			isa = PBXVariantGroup;
			children = (
				FACD568A2ACF6E25004E36E6 /* Base */,
			);
			name = LaunchScreen.storyboard;
			sourceTree = "<group>";
		};
/* End PBXVariantGroup section */

/* Begin XCBuildConfiguration section */
		FACD568D2ACF6E25004E36E6 /* Debug */ = {
			isa = XCBuildConfiguration;
			buildSettings = {
				ALWAYS_SEARCH_USER_PATHS = NO;
				ASSETCATALOG_COMPILER_GENERATE_SWIFT_ASSET_SYMBOL_EXTENSIONS = YES;
				CLANG_ANALYZER_NONNULL = YES;
				CLANG_ANALYZER_NUMBER_OBJECT_CONVERSION = YES_AGGRESSIVE;
				CLANG_CXX_LANGUAGE_STANDARD = "gnu++20";
				CLANG_ENABLE_MODULES = YES;
				CLANG_ENABLE_OBJC_ARC = YES;
				CLANG_ENABLE_OBJC_WEAK = YES;
				CLANG_WARN_BLOCK_CAPTURE_AUTORELEASING = YES;
				CLANG_WARN_BOOL_CONVERSION = YES;
				CLANG_WARN_COMMA = YES;
				CLANG_WARN_CONSTANT_CONVERSION = YES;
				CLANG_WARN_DEPRECATED_OBJC_IMPLEMENTATIONS = YES;
				CLANG_WARN_DIRECT_OBJC_ISA_USAGE = YES_ERROR;
				CLANG_WARN_DOCUMENTATION_COMMENTS = YES;
				CLANG_WARN_EMPTY_BODY = YES;
				CLANG_WARN_ENUM_CONVERSION = YES;
				CLANG_WARN_INFINITE_RECURSION = YES;
				CLANG_WARN_INT_CONVERSION = YES;
				CLANG_WARN_NON_LITERAL_NULL_CONVERSION = YES;
				CLANG_WARN_OBJC_IMPLICIT_RETAIN_SELF = YES;
				CLANG_WARN_OBJC_LITERAL_CONVERSION = YES;
				CLANG_WARN_OBJC_ROOT_CLASS = YES_ERROR;
				CLANG_WARN_QUOTED_INCLUDE_IN_FRAMEWORK_HEADER = YES;
				CLANG_WARN_RANGE_LOOP_ANALYSIS = YES;
				CLANG_WARN_STRICT_PROTOTYPES = YES;
				CLANG_WARN_SUSPICIOUS_MOVE = YES;
				CLANG_WARN_UNGUARDED_AVAILABILITY = YES_AGGRESSIVE;
				CLANG_WARN_UNREACHABLE_CODE = YES;
				CLANG_WARN__DUPLICATE_METHOD_MATCH = YES;
				COPY_PHASE_STRIP = NO;
				DEBUG_INFORMATION_FORMAT = dwarf;
				ENABLE_STRICT_OBJC_MSGSEND = YES;
				ENABLE_TESTABILITY = YES;
				ENABLE_USER_SCRIPT_SANDBOXING = YES;
				GCC_C_LANGUAGE_STANDARD = gnu17;
				GCC_DYNAMIC_NO_PIC = NO;
				GCC_NO_COMMON_BLOCKS = YES;
				GCC_OPTIMIZATION_LEVEL = 0;
				GCC_PREPROCESSOR_DEFINITIONS = (
					"DEBUG=1",
					"$(inherited)",
				);
				GCC_WARN_64_TO_32_BIT_CONVERSION = YES;
				GCC_WARN_ABOUT_RETURN_TYPE = YES_ERROR;
				GCC_WARN_UNDECLARED_SELECTOR = YES;
				GCC_WARN_UNINITIALIZED_AUTOS = YES_AGGRESSIVE;
				GCC_WARN_UNUSED_FUNCTION = YES;
				GCC_WARN_UNUSED_VARIABLE = YES;
				IPHONEOS_DEPLOYMENT_TARGET = 17.0;
				LOCALIZATION_PREFERS_STRING_CATALOGS = YES;
				MTL_ENABLE_DEBUG_INFO = INCLUDE_SOURCE;
				MTL_FAST_MATH = YES;
				ONLY_ACTIVE_ARCH = YES;
				SDKROOT = iphoneos;
				SWIFT_ACTIVE_COMPILATION_CONDITIONS = "DEBUG $(inherited)";
				SWIFT_OPTIMIZATION_LEVEL = "-Onone";
			};
			name = Debug;
		};
		FACD568E2ACF6E25004E36E6 /* Release */ = {
			isa = XCBuildConfiguration;
			buildSettings = {
				ALWAYS_SEARCH_USER_PATHS = NO;
				ASSETCATALOG_COMPILER_GENERATE_SWIFT_ASSET_SYMBOL_EXTENSIONS = YES;
				CLANG_ANALYZER_NONNULL = YES;
				CLANG_ANALYZER_NUMBER_OBJECT_CONVERSION = YES_AGGRESSIVE;
				CLANG_CXX_LANGUAGE_STANDARD = "gnu++20";
				CLANG_ENABLE_MODULES = YES;
				CLANG_ENABLE_OBJC_ARC = YES;
				CLANG_ENABLE_OBJC_WEAK = YES;
				CLANG_WARN_BLOCK_CAPTURE_AUTORELEASING = YES;
				CLANG_WARN_BOOL_CONVERSION = YES;
				CLANG_WARN_COMMA = YES;
				CLANG_WARN_CONSTANT_CONVERSION = YES;
				CLANG_WARN_DEPRECATED_OBJC_IMPLEMENTATIONS = YES;
				CLANG_WARN_DIRECT_OBJC_ISA_USAGE = YES_ERROR;
				CLANG_WARN_DOCUMENTATION_COMMENTS = YES;
				CLANG_WARN_EMPTY_BODY = YES;
				CLANG_WARN_ENUM_CONVERSION = YES;
				CLANG_WARN_INFINITE_RECURSION = YES;
				CLANG_WARN_INT_CONVERSION = YES;
				CLANG_WARN_NON_LITERAL_NULL_CONVERSION = YES;
				CLANG_WARN_OBJC_IMPLICIT_RETAIN_SELF = YES;
				CLANG_WARN_OBJC_LITERAL_CONVERSION = YES;
				CLANG_WARN_OBJC_ROOT_CLASS = YES_ERROR;
				CLANG_WARN_QUOTED_INCLUDE_IN_FRAMEWORK_HEADER = YES;
				CLANG_WARN_RANGE_LOOP_ANALYSIS = YES;
				CLANG_WARN_STRICT_PROTOTYPES = YES;
				CLANG_WARN_SUSPICIOUS_MOVE = YES;
				CLANG_WARN_UNGUARDED_AVAILABILITY = YES_AGGRESSIVE;
				CLANG_WARN_UNREACHABLE_CODE = YES;
				CLANG_WARN__DUPLICATE_METHOD_MATCH = YES;
				COPY_PHASE_STRIP = NO;
				DEBUG_INFORMATION_FORMAT = "dwarf-with-dsym";
				ENABLE_NS_ASSERTIONS = NO;
				ENABLE_STRICT_OBJC_MSGSEND = YES;
				ENABLE_USER_SCRIPT_SANDBOXING = YES;
				GCC_C_LANGUAGE_STANDARD = gnu17;
				GCC_NO_COMMON_BLOCKS = YES;
				GCC_WARN_64_TO_32_BIT_CONVERSION = YES;
				GCC_WARN_ABOUT_RETURN_TYPE = YES_ERROR;
				GCC_WARN_UNDECLARED_SELECTOR = YES;
				GCC_WARN_UNINITIALIZED_AUTOS = YES_AGGRESSIVE;
				GCC_WARN_UNUSED_FUNCTION = YES;
				GCC_WARN_UNUSED_VARIABLE = YES;
				IPHONEOS_DEPLOYMENT_TARGET = 17.0;
				LOCALIZATION_PREFERS_STRING_CATALOGS = YES;
				MTL_ENABLE_DEBUG_INFO = NO;
				MTL_FAST_MATH = YES;
				SDKROOT = iphoneos;
				SWIFT_COMPILATION_MODE = wholemodule;
				VALIDATE_PRODUCT = YES;
			};
			name = Release;
		};
		FACD56902ACF6E25004E36E6 /* Debug */ = {
			isa = XCBuildConfiguration;
			buildSettings = {
				ASSETCATALOG_COMPILER_APPICON_NAME = AppIcon;
				ASSETCATALOG_COMPILER_GLOBAL_ACCENT_COLOR_NAME = AccentColor;
				CODE_SIGN_ENTITLEMENTS = UTGuessr/UTGuessr.entitlements;
				CODE_SIGN_STYLE = Automatic;
				CURRENT_PROJECT_VERSION = 1;
				DEVELOPMENT_TEAM = K3ZW7KU8DU;
				GENERATE_INFOPLIST_FILE = YES;
				INFOPLIST_FILE = UTGuessr/Info.plist;
				INFOPLIST_KEY_CFBundleDisplayName = UTGuessr;
				INFOPLIST_KEY_LSApplicationCategoryType = "public.app-category.trivia-games";
				INFOPLIST_KEY_UIApplicationSupportsIndirectInputEvents = YES;
				INFOPLIST_KEY_UILaunchStoryboardName = LaunchScreen.storyboard;
				INFOPLIST_KEY_UIMainStoryboardFile = Main;
				INFOPLIST_KEY_UISupportedInterfaceOrientations = UIInterfaceOrientationPortrait;
				IPHONEOS_DEPLOYMENT_TARGET = 16.2;
				LD_RUNPATH_SEARCH_PATHS = (
					"$(inherited)",
					"@executable_path/Frameworks",
				);
				MARKETING_VERSION = 1.0;
				PRODUCT_BUNDLE_IDENTIFIER = utcs.UTGuessr;
				PRODUCT_NAME = "$(TARGET_NAME)";
				SWIFT_EMIT_LOC_STRINGS = YES;
				SWIFT_VERSION = 5.0;
				TARGETED_DEVICE_FAMILY = "1,2";
			};
			name = Debug;
		};
		FACD56912ACF6E25004E36E6 /* Release */ = {
			isa = XCBuildConfiguration;
			buildSettings = {
				ASSETCATALOG_COMPILER_APPICON_NAME = AppIcon;
				ASSETCATALOG_COMPILER_GLOBAL_ACCENT_COLOR_NAME = AccentColor;
				CODE_SIGN_ENTITLEMENTS = UTGuessr/UTGuessr.entitlements;
				CODE_SIGN_STYLE = Automatic;
				CURRENT_PROJECT_VERSION = 1;
				DEVELOPMENT_TEAM = K3ZW7KU8DU;
				GENERATE_INFOPLIST_FILE = YES;
				INFOPLIST_FILE = UTGuessr/Info.plist;
				INFOPLIST_KEY_CFBundleDisplayName = UTGuessr;
				INFOPLIST_KEY_LSApplicationCategoryType = "public.app-category.trivia-games";
				INFOPLIST_KEY_UIApplicationSupportsIndirectInputEvents = YES;
				INFOPLIST_KEY_UILaunchStoryboardName = LaunchScreen.storyboard;
				INFOPLIST_KEY_UIMainStoryboardFile = Main;
				INFOPLIST_KEY_UISupportedInterfaceOrientations = UIInterfaceOrientationPortrait;
				IPHONEOS_DEPLOYMENT_TARGET = 16.2;
				LD_RUNPATH_SEARCH_PATHS = (
					"$(inherited)",
					"@executable_path/Frameworks",
				);
				MARKETING_VERSION = 1.0;
				PRODUCT_BUNDLE_IDENTIFIER = utcs.UTGuessr;
				PRODUCT_NAME = "$(TARGET_NAME)";
				SWIFT_EMIT_LOC_STRINGS = YES;
				SWIFT_VERSION = 5.0;
				TARGETED_DEVICE_FAMILY = "1,2";
			};
			name = Release;
		};
/* End XCBuildConfiguration section */

/* Begin XCConfigurationList section */
		FACD56762ACF6E23004E36E6 /* Build configuration list for PBXProject "UTGuessr" */ = {
			isa = XCConfigurationList;
			buildConfigurations = (
				FACD568D2ACF6E25004E36E6 /* Debug */,
				FACD568E2ACF6E25004E36E6 /* Release */,
			);
			defaultConfigurationIsVisible = 0;
			defaultConfigurationName = Release;
		};
		FACD568F2ACF6E25004E36E6 /* Build configuration list for PBXNativeTarget "UTGuessr" */ = {
			isa = XCConfigurationList;
			buildConfigurations = (
				FACD56902ACF6E25004E36E6 /* Debug */,
				FACD56912ACF6E25004E36E6 /* Release */,
			);
			defaultConfigurationIsVisible = 0;
			defaultConfigurationName = Release;
		};
/* End XCConfigurationList section */

/* Begin XCRemoteSwiftPackageReference section */
		504D8FB52AD862840060D6C1 /* XCRemoteSwiftPackageReference "firebase-ios-sdk" */ = {
			isa = XCRemoteSwiftPackageReference;
			repositoryURL = "https://github.com/firebase/firebase-ios-sdk";
			requirement = {
				kind = upToNextMajorVersion;
				minimumVersion = 10.16.0;
			};
		};
/* End XCRemoteSwiftPackageReference section */

/* Begin XCSwiftPackageProductDependency section */
		504D8FB62AD862840060D6C1 /* FirebaseAnalytics */ = {
			isa = XCSwiftPackageProductDependency;
			package = 504D8FB52AD862840060D6C1 /* XCRemoteSwiftPackageReference "firebase-ios-sdk" */;
			productName = FirebaseAnalytics;
		};
		504D8FB82AD862840060D6C1 /* FirebaseAnalyticsOnDeviceConversion */ = {
			isa = XCSwiftPackageProductDependency;
			package = 504D8FB52AD862840060D6C1 /* XCRemoteSwiftPackageReference "firebase-ios-sdk" */;
			productName = FirebaseAnalyticsOnDeviceConversion;
		};
		504D8FBA2AD862840060D6C1 /* FirebaseAnalyticsSwift */ = {
			isa = XCSwiftPackageProductDependency;
			package = 504D8FB52AD862840060D6C1 /* XCRemoteSwiftPackageReference "firebase-ios-sdk" */;
			productName = FirebaseAnalyticsSwift;
		};
		504D8FBC2AD862840060D6C1 /* FirebaseAnalyticsWithoutAdIdSupport */ = {
			isa = XCSwiftPackageProductDependency;
			package = 504D8FB52AD862840060D6C1 /* XCRemoteSwiftPackageReference "firebase-ios-sdk" */;
			productName = FirebaseAnalyticsWithoutAdIdSupport;
		};
		504D8FBE2AD862840060D6C1 /* FirebaseAppCheck */ = {
			isa = XCSwiftPackageProductDependency;
			package = 504D8FB52AD862840060D6C1 /* XCRemoteSwiftPackageReference "firebase-ios-sdk" */;
			productName = FirebaseAppCheck;
		};
		504D8FC02AD862840060D6C1 /* FirebaseAppDistribution-Beta */ = {
			isa = XCSwiftPackageProductDependency;
			package = 504D8FB52AD862840060D6C1 /* XCRemoteSwiftPackageReference "firebase-ios-sdk" */;
			productName = "FirebaseAppDistribution-Beta";
		};
		504D8FC22AD862840060D6C1 /* FirebaseAuth */ = {
			isa = XCSwiftPackageProductDependency;
			package = 504D8FB52AD862840060D6C1 /* XCRemoteSwiftPackageReference "firebase-ios-sdk" */;
			productName = FirebaseAuth;
		};
		504D8FC42AD862840060D6C1 /* FirebaseAuthCombine-Community */ = {
			isa = XCSwiftPackageProductDependency;
			package = 504D8FB52AD862840060D6C1 /* XCRemoteSwiftPackageReference "firebase-ios-sdk" */;
			productName = "FirebaseAuthCombine-Community";
		};
		504D8FC62AD862840060D6C1 /* FirebaseCrashlytics */ = {
			isa = XCSwiftPackageProductDependency;
			package = 504D8FB52AD862840060D6C1 /* XCRemoteSwiftPackageReference "firebase-ios-sdk" */;
			productName = FirebaseCrashlytics;
		};
		504D8FC82AD862840060D6C1 /* FirebaseDatabase */ = {
			isa = XCSwiftPackageProductDependency;
			package = 504D8FB52AD862840060D6C1 /* XCRemoteSwiftPackageReference "firebase-ios-sdk" */;
			productName = FirebaseDatabase;
		};
		504D8FCA2AD862840060D6C1 /* FirebaseDatabaseSwift */ = {
			isa = XCSwiftPackageProductDependency;
			package = 504D8FB52AD862840060D6C1 /* XCRemoteSwiftPackageReference "firebase-ios-sdk" */;
			productName = FirebaseDatabaseSwift;
		};
		504D8FCC2AD862840060D6C1 /* FirebaseDynamicLinks */ = {
			isa = XCSwiftPackageProductDependency;
			package = 504D8FB52AD862840060D6C1 /* XCRemoteSwiftPackageReference "firebase-ios-sdk" */;
			productName = FirebaseDynamicLinks;
		};
		504D8FCE2AD862840060D6C1 /* FirebaseFirestore */ = {
			isa = XCSwiftPackageProductDependency;
			package = 504D8FB52AD862840060D6C1 /* XCRemoteSwiftPackageReference "firebase-ios-sdk" */;
			productName = FirebaseFirestore;
		};
		504D8FD02AD862840060D6C1 /* FirebaseFirestoreCombine-Community */ = {
			isa = XCSwiftPackageProductDependency;
			package = 504D8FB52AD862840060D6C1 /* XCRemoteSwiftPackageReference "firebase-ios-sdk" */;
			productName = "FirebaseFirestoreCombine-Community";
		};
		504D8FD22AD862840060D6C1 /* FirebaseFirestoreSwift */ = {
			isa = XCSwiftPackageProductDependency;
			package = 504D8FB52AD862840060D6C1 /* XCRemoteSwiftPackageReference "firebase-ios-sdk" */;
			productName = FirebaseFirestoreSwift;
		};
		504D8FD42AD862840060D6C1 /* FirebaseFunctions */ = {
			isa = XCSwiftPackageProductDependency;
			package = 504D8FB52AD862840060D6C1 /* XCRemoteSwiftPackageReference "firebase-ios-sdk" */;
			productName = FirebaseFunctions;
		};
		504D8FD62AD862840060D6C1 /* FirebaseFunctionsCombine-Community */ = {
			isa = XCSwiftPackageProductDependency;
			package = 504D8FB52AD862840060D6C1 /* XCRemoteSwiftPackageReference "firebase-ios-sdk" */;
			productName = "FirebaseFunctionsCombine-Community";
		};
		504D8FD82AD862840060D6C1 /* FirebaseInAppMessaging-Beta */ = {
			isa = XCSwiftPackageProductDependency;
			package = 504D8FB52AD862840060D6C1 /* XCRemoteSwiftPackageReference "firebase-ios-sdk" */;
			productName = "FirebaseInAppMessaging-Beta";
		};
		504D8FDA2AD862840060D6C1 /* FirebaseInAppMessagingSwift-Beta */ = {
			isa = XCSwiftPackageProductDependency;
			package = 504D8FB52AD862840060D6C1 /* XCRemoteSwiftPackageReference "firebase-ios-sdk" */;
			productName = "FirebaseInAppMessagingSwift-Beta";
		};
		504D8FDC2AD862840060D6C1 /* FirebaseInstallations */ = {
			isa = XCSwiftPackageProductDependency;
			package = 504D8FB52AD862840060D6C1 /* XCRemoteSwiftPackageReference "firebase-ios-sdk" */;
			productName = FirebaseInstallations;
		};
		504D8FDE2AD862840060D6C1 /* FirebaseMLModelDownloader */ = {
			isa = XCSwiftPackageProductDependency;
			package = 504D8FB52AD862840060D6C1 /* XCRemoteSwiftPackageReference "firebase-ios-sdk" */;
			productName = FirebaseMLModelDownloader;
		};
		504D8FE02AD862840060D6C1 /* FirebaseMessaging */ = {
			isa = XCSwiftPackageProductDependency;
			package = 504D8FB52AD862840060D6C1 /* XCRemoteSwiftPackageReference "firebase-ios-sdk" */;
			productName = FirebaseMessaging;
		};
		504D8FE22AD862840060D6C1 /* FirebasePerformance */ = {
			isa = XCSwiftPackageProductDependency;
			package = 504D8FB52AD862840060D6C1 /* XCRemoteSwiftPackageReference "firebase-ios-sdk" */;
			productName = FirebasePerformance;
		};
		504D8FE42AD862840060D6C1 /* FirebaseRemoteConfig */ = {
			isa = XCSwiftPackageProductDependency;
			package = 504D8FB52AD862840060D6C1 /* XCRemoteSwiftPackageReference "firebase-ios-sdk" */;
			productName = FirebaseRemoteConfig;
		};
		504D8FE62AD862840060D6C1 /* FirebaseRemoteConfigSwift */ = {
			isa = XCSwiftPackageProductDependency;
			package = 504D8FB52AD862840060D6C1 /* XCRemoteSwiftPackageReference "firebase-ios-sdk" */;
			productName = FirebaseRemoteConfigSwift;
		};
		504D8FE82AD862840060D6C1 /* FirebaseStorage */ = {
			isa = XCSwiftPackageProductDependency;
			package = 504D8FB52AD862840060D6C1 /* XCRemoteSwiftPackageReference "firebase-ios-sdk" */;
			productName = FirebaseStorage;
		};
		504D8FEA2AD862840060D6C1 /* FirebaseStorageCombine-Community */ = {
			isa = XCSwiftPackageProductDependency;
			package = 504D8FB52AD862840060D6C1 /* XCRemoteSwiftPackageReference "firebase-ios-sdk" */;
			productName = "FirebaseStorageCombine-Community";
		};
/* End XCSwiftPackageProductDependency section */

/* Begin XCVersionGroup section */
		9887645B2AD89D9100025A06 /* DataModel.xcdatamodeld */ = {
			isa = XCVersionGroup;
			children = (
				9887645C2AD89D9100025A06 /* DataModel.xcdatamodel */,
			);
			currentVersion = 9887645C2AD89D9100025A06 /* DataModel.xcdatamodel */;
			path = DataModel.xcdatamodeld;
			sourceTree = "<group>";
			versionGroupType = wrapper.xcdatamodel;
		};
/* End XCVersionGroup section */
	};
	rootObject = FACD56732ACF6E23004E36E6 /* Project object */;
}
